
Microsoft Visual Studio Solution File, Format Version 12.00
# Visual Studio 14
VisualStudioVersion = 14.0.25420.1
MinimumVisualStudioVersion = 10.0.40219.1
Project("{FAE04EC0-301F-11D3-BF4B-00C04F79EFBC}") = "XNA_tutorial_1", "XNA_tutorial_1\XNA_tutorial_1.csproj", "{FB1184A5-9EFC-4D6F-95B4-921719397262}"
EndProject
Global
	GlobalSection(SolutionConfigurationPlatforms) = preSolution
		Debug|x86 = Debug|x86
		Release|x86 = Release|x86
	EndGlobalSection
	GlobalSection(ProjectConfigurationPlatforms) = postSolution
		{FB1184A5-9EFC-4D6F-95B4-921719397262}.Debug|x86.ActiveCfg = Debug|x86
		{FB1184A5-9EFC-4D6F-95B4-921719397262}.Debug|x86.Build.0 = Debug|x86
		{FB1184A5-9EFC-4D6F-95B4-921719397262}.Release|x86.ActiveCfg = Release|x86
		{FB1184A5-9EFC-4D6F-95B4-921719397262}.Release|x86.Build.0 = Release|x86
	EndGlobalSection
	GlobalSection(SolutionProperties) = preSolution
		HideSolutionNode = FALSE
	EndGlobalSection
EndGlobal
